
Microsoft Visual Studio Solution File, Format Version 12.00
# Visual Studio Version 16
VisualStudioVersion = 16.0.31515.178
MinimumVisualStudioVersion = 10.0.40219.1
Project("{FAE04EC0-301F-11D3-BF4B-00C04F79EFBC}") = "OcassionDecorators", "OcassionDecorators\OcassionDecorators.csproj", "{C555F3BD-9D67-4203-B821-AB86643433E2}"
EndProject
Global
	GlobalSection(SolutionConfigurationPlatforms) = preSolution
		Debug|Any CPU = Debug|Any CPU
		Release|Any CPU = Release|Any CPU
	EndGlobalSection
	GlobalSection(ProjectConfigurationPlatforms) = postSolution
		{C555F3BD-9D67-4203-B821-AB86643433E2}.Debug|Any CPU.ActiveCfg = Debug|Any CPU
		{C555F3BD-9D67-4203-B821-AB86643433E2}.Debug|Any CPU.Build.0 = Debug|Any CPU
		{C555F3BD-9D67-4203-B821-AB86643433E2}.Release|Any CPU.ActiveCfg = Release|Any CPU
		{C555F3BD-9D67-4203-B821-AB86643433E2}.Release|Any CPU.Build.0 = Release|Any CPU
	EndGlobalSection
	GlobalSection(SolutionProperties) = preSolution
		HideSolutionNode = FALSE
	EndGlobalSection
	GlobalSection(ExtensibilityGlobals) = postSolution
		SolutionGuid = {B91E46ED-85DB-4A9D-841E-39840CC0AB8B}
	EndGlobalSection
EndGlobal
